{
  "name": "sb-management-api-helpers",
  "version": "1.0.0",
  "lockfileVersion": 2,
  "requires": true,
  "packages": {
    "": {
      "name": "sb-management-api-helpers",
      "version": "1.0.0",
      "license": "Apache-2.0",
      "dependencies": {
        "dotenv": "^16.0.3",
        "storyblok-js-client": "^5.2.1"
      }
    },
    "node_modules/dotenv": {
      "version": "16.0.3",
      "resolved": "https://registry.npmjs.org/dotenv/-/dotenv-16.0.3.tgz",
      "integrity": "sha512-7GO6HghkA5fYG9TYnNxi14/7K9f5occMlp3zXAuSxn7CKCxt9xbNWG7yF8hTCSUchlfWSe3uLmlPfigevRItzQ==",
      "engines": {
        "node": ">=12"
      }
    },
    "node_modules/storyblok-js-client": {
      "version": "5.2.1",
      "resolved": "https://registry.npmjs.org/storyblok-js-client/-/storyblok-js-client-5.2.1.tgz",
      "integrity": "sha512-hj5mB7dpCj5rbzxBJ5whXzJNFDRUcM4Lii6te9/puIl7WbSYor2otp5w7FtRLrMUs3gP1pdAV3+1L2455yOhHA=="
    }
  },
  "dependencies": {
    "dotenv": {
      "version": "16.0.3",
      "resolved": "https://registry.npmjs.org/dotenv/-/dotenv-16.0.3.tgz",
      "integrity": "sha512-7GO6HghkA5fYG9TYnNxi14/7K9f5occMlp3zXAuSxn7CKCxt9xbNWG7yF8hTCSUchlfWSe3uLmlPfigevRItzQ=="
    },
    "storyblok-js-client": {
      "version": "5.2.1",
      "resolved": "https://registry.npmjs.org/storyblok-js-client/-/storyblok-js-client-5.2.1.tgz",
      "integrity": "sha512-hj5mB7dpCj5rbzxBJ5whXzJNFDRUcM4Lii6te9/puIl7WbSYor2otp5w7FtRLrMUs3gP1pdAV3+1L2455yOhHA=="
    }
  }
}
